// !$*UTF8*$!
{
	archiveVersion = 1;
	classes = {
	};
	objectVersion = 56;
	objects = {

/* Begin PBXBuildFile section */
		7D2DB8B02B404F4600C5B9CB /* CategoryOverlay.swift in Sources */ = {isa = PBXBuildFile; fileRef = 7D2DB8AF2B404F4600C5B9CB /* CategoryOverlay.swift */; };
		7D2DB8B22B40764F00C5B9CB /* FavoriteGames.swift in Sources */ = {isa = PBXBuildFile; fileRef = 7D2DB8B12B40764F00C5B9CB /* FavoriteGames.swift */; };
		7D2F39B42AF53C9C00CA2C78 /* PlatformSelector.swift in Sources */ = {isa = PBXBuildFile; fileRef = 7D2F39B32AF53C9C00CA2C78 /* PlatformSelector.swift */; };
		7D2F39B62AF53D3E00CA2C78 /* CategorySelector.swift in Sources */ = {isa = PBXBuildFile; fileRef = 7D2F39B52AF53D3E00CA2C78 /* CategorySelector.swift */; };
		7D2F39B82AF545FE00CA2C78 /* GamesList.swift in Sources */ = {isa = PBXBuildFile; fileRef = 7D2F39B72AF545FE00CA2C78 /* GamesList.swift */; };
		7D2F39BA2AF5477D00CA2C78 /* Game.swift in Sources */ = {isa = PBXBuildFile; fileRef = 7D2F39B92AF5477D00CA2C78 /* Game.swift */; };
		7D2F39BC2AF54AC200CA2C78 /* GamesListView.swift in Sources */ = {isa = PBXBuildFile; fileRef = 7D2F39BB2AF54AC200CA2C78 /* GamesListView.swift */; };
		7D2F39BE2AF5797A00CA2C78 /* FavoritesListView.swift in Sources */ = {isa = PBXBuildFile; fileRef = 7D2F39BD2AF5797A00CA2C78 /* FavoritesListView.swift */; };
		7D2F39C02AF57D3C00CA2C78 /* GamesListDetail.swift in Sources */ = {isa = PBXBuildFile; fileRef = 7D2F39BF2AF57D3C00CA2C78 /* GamesListDetail.swift */; };
		7DCA01BC2AED37C500E1F90E /* Platform.swift in Sources */ = {isa = PBXBuildFile; fileRef = 7DCA01BB2AED37C500E1F90E /* Platform.swift */; };
		7DCA01BE2AED457900E1F90E /* PlatformOption.swift in Sources */ = {isa = PBXBuildFile; fileRef = 7DCA01BD2AED457900E1F90E /* PlatformOption.swift */; };
		7DCA01C02AED464E00E1F90E /* CategoryOption.swift in Sources */ = {isa = PBXBuildFile; fileRef = 7DCA01BF2AED464E00E1F90E /* CategoryOption.swift */; };
		7DCA01C22AED478B00E1F90E /* Category.swift in Sources */ = {isa = PBXBuildFile; fileRef = 7DCA01C12AED478B00E1F90E /* Category.swift */; };
		7DE7CDAE2AED19EF004948C8 /* Free_To_Play_GamesApp.swift in Sources */ = {isa = PBXBuildFile; fileRef = 7DE7CDAD2AED19EF004948C8 /* Free_To_Play_GamesApp.swift */; };
		7DE7CDB02AED19EF004948C8 /* ContentView.swift in Sources */ = {isa = PBXBuildFile; fileRef = 7DE7CDAF2AED19EF004948C8 /* ContentView.swift */; };
		7DE7CDB22AED19F2004948C8 /* Assets.xcassets in Resources */ = {isa = PBXBuildFile; fileRef = 7DE7CDB12AED19F2004948C8 /* Assets.xcassets */; };
		7DE7CDB52AED19F2004948C8 /* Preview Assets.xcassets in Resources */ = {isa = PBXBuildFile; fileRef = 7DE7CDB42AED19F2004948C8 /* Preview Assets.xcassets */; };
		7DE7CDBC2AED29A2004948C8 /* Options.swift in Sources */ = {isa = PBXBuildFile; fileRef = 7DE7CDBB2AED29A2004948C8 /* Options.swift */; };
		7DE7CDBE2AED2B29004948C8 /* OptionsStore.swift in Sources */ = {isa = PBXBuildFile; fileRef = 7DE7CDBD2AED2B29004948C8 /* OptionsStore.swift */; };
/* End PBXBuildFile section */

/* Begin PBXFileReference section */
		7D2DB8AF2B404F4600C5B9CB /* CategoryOverlay.swift */ = {isa = PBXFileReference; lastKnownFileType = sourcecode.swift; name = CategoryOverlay.swift; path = "Free-To-Play Games/ui/selectors/CategoryOverlay.swift"; sourceTree = SOURCE_ROOT; };
		7D2DB8B12B40764F00C5B9CB /* FavoriteGames.swift */ = {isa = PBXFileReference; lastKnownFileType = sourcecode.swift; name = FavoriteGames.swift; path = "Free-To-Play Games/models/FavoriteGames.swift"; sourceTree = SOURCE_ROOT; };
		7D2F39B32AF53C9C00CA2C78 /* PlatformSelector.swift */ = {isa = PBXFileReference; lastKnownFileType = sourcecode.swift; path = PlatformSelector.swift; sourceTree = "<group>"; };
		7D2F39B52AF53D3E00CA2C78 /* CategorySelector.swift */ = {isa = PBXFileReference; lastKnownFileType = sourcecode.swift; path = CategorySelector.swift; sourceTree = "<group>"; };
		7D2F39B72AF545FE00CA2C78 /* GamesList.swift */ = {isa = PBXFileReference; lastKnownFileType = sourcecode.swift; path = GamesList.swift; sourceTree = "<group>"; };
		7D2F39B92AF5477D00CA2C78 /* Game.swift */ = {isa = PBXFileReference; lastKnownFileType = sourcecode.swift; path = Game.swift; sourceTree = "<group>"; };
		7D2F39BB2AF54AC200CA2C78 /* GamesListView.swift */ = {isa = PBXFileReference; lastKnownFileType = sourcecode.swift; path = GamesListView.swift; sourceTree = "<group>"; };
		7D2F39BD2AF5797A00CA2C78 /* FavoritesListView.swift */ = {isa = PBXFileReference; lastKnownFileType = sourcecode.swift; path = FavoritesListView.swift; sourceTree = "<group>"; };
		7D2F39BF2AF57D3C00CA2C78 /* GamesListDetail.swift */ = {isa = PBXFileReference; lastKnownFileType = sourcecode.swift; path = GamesListDetail.swift; sourceTree = "<group>"; };
		7DCA01BB2AED37C500E1F90E /* Platform.swift */ = {isa = PBXFileReference; lastKnownFileType = sourcecode.swift; path = Platform.swift; sourceTree = "<group>"; };
		7DCA01BD2AED457900E1F90E /* PlatformOption.swift */ = {isa = PBXFileReference; lastKnownFileType = sourcecode.swift; path = PlatformOption.swift; sourceTree = "<group>"; };
		7DCA01BF2AED464E00E1F90E /* CategoryOption.swift */ = {isa = PBXFileReference; lastKnownFileType = sourcecode.swift; path = CategoryOption.swift; sourceTree = "<group>"; };
		7DCA01C12AED478B00E1F90E /* Category.swift */ = {isa = PBXFileReference; lastKnownFileType = sourcecode.swift; path = Category.swift; sourceTree = "<group>"; };
		7DE7CDAA2AED19EF004948C8 /* Free-To-Play Games.app */ = {isa = PBXFileReference; explicitFileType = wrapper.application; includeInIndex = 0; path = "Free-To-Play Games.app"; sourceTree = BUILT_PRODUCTS_DIR; };
		7DE7CDAD2AED19EF004948C8 /* Free_To_Play_GamesApp.swift */ = {isa = PBXFileReference; lastKnownFileType = sourcecode.swift; path = Free_To_Play_GamesApp.swift; sourceTree = "<group>"; };
		7DE7CDAF2AED19EF004948C8 /* ContentView.swift */ = {isa = PBXFileReference; lastKnownFileType = sourcecode.swift; path = ContentView.swift; sourceTree = "<group>"; };
		7DE7CDB12AED19F2004948C8 /* Assets.xcassets */ = {isa = PBXFileReference; lastKnownFileType = folder.assetcatalog; path = Assets.xcassets; sourceTree = "<group>"; };
		7DE7CDB42AED19F2004948C8 /* Preview Assets.xcassets */ = {isa = PBXFileReference; lastKnownFileType = folder.assetcatalog; path = "Preview Assets.xcassets"; sourceTree = "<group>"; };
		7DE7CDBB2AED29A2004948C8 /* Options.swift */ = {isa = PBXFileReference; lastKnownFileType = sourcecode.swift; path = Options.swift; sourceTree = "<group>"; };
		7DE7CDBD2AED2B29004948C8 /* OptionsStore.swift */ = {isa = PBXFileReference; lastKnownFileType = sourcecode.swift; path = OptionsStore.swift; sourceTree = "<group>"; };
/* End PBXFileReference section */

/* Begin PBXFrameworksBuildPhase section */
		7DE7CDA72AED19EF004948C8 /* Frameworks */ = {
			isa = PBXFrameworksBuildPhase;
			buildActionMask = 2147483647;
			files = (
			);
			runOnlyForDeploymentPostprocessing = 0;
		};
/* End PBXFrameworksBuildPhase section */

/* Begin PBXGroup section */
		7D9D05022B41B0B600F20F05 /* Models */ = {
			isa = PBXGroup;
			children = (
				7DE7CDBB2AED29A2004948C8 /* Options.swift */,
				7D2DB8B12B40764F00C5B9CB /* FavoriteGames.swift */,
				7D2F39B92AF5477D00CA2C78 /* Game.swift */,
			);
			path = Models;
			sourceTree = "<group>";
		};
		7D9D05032B41B0C600F20F05 /* ViewModels */ = {
			isa = PBXGroup;
			children = (
				7D2F39B72AF545FE00CA2C78 /* GamesList.swift */,
				7DE7CDBD2AED2B29004948C8 /* OptionsStore.swift */,
			);
			path = ViewModels;
			sourceTree = "<group>";
		};
		7D9D05042B41B0F100F20F05 /* UI */ = {
			isa = PBXGroup;
			children = (
				7D9D05082B41B14800F20F05 /* Selectors */,
				7D9D05072B41B13300F20F05 /* Games */,
				7D9D05052B41B0F900F20F05 /* Favorites */,
			);
			path = UI;
			sourceTree = "<group>";
		};
		7D9D05052B41B0F900F20F05 /* Favorites */ = {
			isa = PBXGroup;
			children = (
				7D2F39BD2AF5797A00CA2C78 /* FavoritesListView.swift */,
			);
			path = Favorites;
			sourceTree = "<group>";
		};
		7D9D05072B41B13300F20F05 /* Games */ = {
			isa = PBXGroup;
			children = (
				7D2F39BB2AF54AC200CA2C78 /* GamesListView.swift */,
				7D2F39BF2AF57D3C00CA2C78 /* GamesListDetail.swift */,
			);
			path = Games;
			sourceTree = "<group>";
		};
		7D9D05082B41B14800F20F05 /* Selectors */ = {
			isa = PBXGroup;
			children = (
				7D2F39B32AF53C9C00CA2C78 /* PlatformSelector.swift */,
				7DCA01BD2AED457900E1F90E /* PlatformOption.swift */,
				7DCA01BF2AED464E00E1F90E /* CategoryOption.swift */,
				7D2DB8AF2B404F4600C5B9CB /* CategoryOverlay.swift */,
				7D2F39B52AF53D3E00CA2C78 /* CategorySelector.swift */,
			);
			path = Selectors;
			sourceTree = "<group>";
		};
		7D9D05092B41B21900F20F05 /* Utilities */ = {
			isa = PBXGroup;
			children = (
				7DCA01C12AED478B00E1F90E /* Category.swift */,
				7DCA01BB2AED37C500E1F90E /* Platform.swift */,
			);
			path = Utilities;
			sourceTree = "<group>";
		};
		7DE7CDA12AED19EF004948C8 = {
			isa = PBXGroup;
			children = (
				7DE7CDAC2AED19EF004948C8 /* Free-To-Play Games */,
				7DE7CDAB2AED19EF004948C8 /* Products */,
			);
			sourceTree = "<group>";
		};
		7DE7CDAB2AED19EF004948C8 /* Products */ = {
			isa = PBXGroup;
			children = (
				7DE7CDAA2AED19EF004948C8 /* Free-To-Play Games.app */,
			);
			name = Products;
			sourceTree = "<group>";
		};
		7DE7CDAC2AED19EF004948C8 /* Free-To-Play Games */ = {
			isa = PBXGroup;
			children = (
				7D9D05092B41B21900F20F05 /* Utilities */,
				7D9D05042B41B0F100F20F05 /* UI */,
				7D9D05032B41B0C600F20F05 /* ViewModels */,
				7D9D05022B41B0B600F20F05 /* Models */,
				7DE7CDAD2AED19EF004948C8 /* Free_To_Play_GamesApp.swift */,
				7DE7CDAF2AED19EF004948C8 /* ContentView.swift */,
				7DE7CDB12AED19F2004948C8 /* Assets.xcassets */,
				7DE7CDB32AED19F2004948C8 /* Preview Content */,
			);
			path = "Free-To-Play Games";
			sourceTree = "<group>";
		};
		7DE7CDB32AED19F2004948C8 /* Preview Content */ = {
			isa = PBXGroup;
			children = (
				7DE7CDB42AED19F2004948C8 /* Preview Assets.xcassets */,
			);
			path = "Preview Content";
			sourceTree = "<group>";
		};
/* End PBXGroup section */

/* Begin PBXNativeTarget section */
		7DE7CDA92AED19EF004948C8 /* Free-To-Play Games */ = {
			isa = PBXNativeTarget;
			buildConfigurationList = 7DE7CDB82AED19F2004948C8 /* Build configuration list for PBXNativeTarget "Free-To-Play Games" */;
			buildPhases = (
				7DE7CDA62AED19EF004948C8 /* Sources */,
				7DE7CDA72AED19EF004948C8 /* Frameworks */,
				7DE7CDA82AED19EF004948C8 /* Resources */,
			);
			buildRules = (
			);
			dependencies = (
			);
			name = "Free-To-Play Games";
			productName = "Free-To-Play Games";
			productReference = 7DE7CDAA2AED19EF004948C8 /* Free-To-Play Games.app */;
			productType = "com.apple.product-type.application";
		};
/* End PBXNativeTarget section */

/* Begin PBXProject section */
		7DE7CDA22AED19EF004948C8 /* Project object */ = {
			isa = PBXProject;
			attributes = {
				BuildIndependentTargetsInParallel = 1;
				LastSwiftUpdateCheck = 1500;
				LastUpgradeCheck = 1500;
				TargetAttributes = {
					7DE7CDA92AED19EF004948C8 = {
						CreatedOnToolsVersion = 15.0;
					};
				};
			};
			buildConfigurationList = 7DE7CDA52AED19EF004948C8 /* Build configuration list for PBXProject "Free-To-Play Games" */;
			compatibilityVersion = "Xcode 14.0";
			developmentRegion = en;
			hasScannedForEncodings = 0;
			knownRegions = (
				en,
				Base,
			);
			mainGroup = 7DE7CDA12AED19EF004948C8;
			productRefGroup = 7DE7CDAB2AED19EF004948C8 /* Products */;
			projectDirPath = "";
			projectRoot = "";
			targets = (
				7DE7CDA92AED19EF004948C8 /* Free-To-Play Games */,
			);
		};
/* End PBXProject section */

/* Begin PBXResourcesBuildPhase section */
		7DE7CDA82AED19EF004948C8 /* Resources */ = {
			isa = PBXResourcesBuildPhase;
			buildActionMask = 2147483647;
			files = (
				7DE7CDB52AED19F2004948C8 /* Preview Assets.xcassets in Resources */,
				7DE7CDB22AED19F2004948C8 /* Assets.xcassets in Resources */,
			);
			runOnlyForDeploymentPostprocessing = 0;
		};
/* End PBXResourcesBuildPhase section */

/* Begin PBXSourcesBuildPhase section */
		7DE7CDA62AED19EF004948C8 /* Sources */ = {
			isa = PBXSourcesBuildPhase;
			buildActionMask = 2147483647;
			files = (
				7D2DB8B02B404F4600C5B9CB /* CategoryOverlay.swift in Sources */,
				7DCA01BC2AED37C500E1F90E /* Platform.swift in Sources */,
				7DE7CDBE2AED2B29004948C8 /* OptionsStore.swift in Sources */,
				7DCA01C02AED464E00E1F90E /* CategoryOption.swift in Sources */,
				7DE7CDB02AED19EF004948C8 /* ContentView.swift in Sources */,
				7DCA01BE2AED457900E1F90E /* PlatformOption.swift in Sources */,
				7D2F39C02AF57D3C00CA2C78 /* GamesListDetail.swift in Sources */,
				7D2F39B42AF53C9C00CA2C78 /* PlatformSelector.swift in Sources */,
				7DE7CDAE2AED19EF004948C8 /* Free_To_Play_GamesApp.swift in Sources */,
				7D2F39BA2AF5477D00CA2C78 /* Game.swift in Sources */,
				7D2F39BC2AF54AC200CA2C78 /* GamesListView.swift in Sources */,
				7DE7CDBC2AED29A2004948C8 /* Options.swift in Sources */,
				7D2F39BE2AF5797A00CA2C78 /* FavoritesListView.swift in Sources */,
				7D2DB8B22B40764F00C5B9CB /* FavoriteGames.swift in Sources */,
				7D2F39B62AF53D3E00CA2C78 /* CategorySelector.swift in Sources */,
				7D2F39B82AF545FE00CA2C78 /* GamesList.swift in Sources */,
				7DCA01C22AED478B00E1F90E /* Category.swift in Sources */,
			);
			runOnlyForDeploymentPostprocessing = 0;
		};
/* End PBXSourcesBuildPhase section */

/* Begin XCBuildConfiguration section */
		7DE7CDB62AED19F2004948C8 /* Debug */ = {
			isa = XCBuildConfiguration;
			buildSettings = {
				ALWAYS_SEARCH_USER_PATHS = NO;
				ASSETCATALOG_COMPILER_GENERATE_SWIFT_ASSET_SYMBOL_EXTENSIONS = YES;
				CLANG_ANALYZER_NONNULL = YES;
				CLANG_ANALYZER_NUMBER_OBJECT_CONVERSION = YES_AGGRESSIVE;
				CLANG_CXX_LANGUAGE_STANDARD = "gnu++20";
				CLANG_ENABLE_MODULES = YES;
				CLANG_ENABLE_OBJC_ARC = YES;
				CLANG_ENABLE_OBJC_WEAK = YES;
				CLANG_WARN_BLOCK_CAPTURE_AUTORELEASING = YES;
				CLANG_WARN_BOOL_CONVERSION = YES;
				CLANG_WARN_COMMA = YES;
				CLANG_WARN_CONSTANT_CONVERSION = YES;
				CLANG_WARN_DEPRECATED_OBJC_IMPLEMENTATIONS = YES;
				CLANG_WARN_DIRECT_OBJC_ISA_USAGE = YES_ERROR;
				CLANG_WARN_DOCUMENTATION_COMMENTS = YES;
				CLANG_WARN_EMPTY_BODY = YES;
				CLANG_WARN_ENUM_CONVERSION = YES;
				CLANG_WARN_INFINITE_RECURSION = YES;
				CLANG_WARN_INT_CONVERSION = YES;
				CLANG_WARN_NON_LITERAL_NULL_CONVERSION = YES;
				CLANG_WARN_OBJC_IMPLICIT_RETAIN_SELF = YES;
				CLANG_WARN_OBJC_LITERAL_CONVERSION = YES;
				CLANG_WARN_OBJC_ROOT_CLASS = YES_ERROR;
				CLANG_WARN_QUOTED_INCLUDE_IN_FRAMEWORK_HEADER = YES;
				CLANG_WARN_RANGE_LOOP_ANALYSIS = YES;
				CLANG_WARN_STRICT_PROTOTYPES = YES;
				CLANG_WARN_SUSPICIOUS_MOVE = YES;
				CLANG_WARN_UNGUARDED_AVAILABILITY = YES_AGGRESSIVE;
				CLANG_WARN_UNREACHABLE_CODE = YES;
				CLANG_WARN__DUPLICATE_METHOD_MATCH = YES;
				COPY_PHASE_STRIP = NO;
				DEBUG_INFORMATION_FORMAT = dwarf;
				ENABLE_STRICT_OBJC_MSGSEND = YES;
				ENABLE_TESTABILITY = YES;
				ENABLE_USER_SCRIPT_SANDBOXING = YES;
				GCC_C_LANGUAGE_STANDARD = gnu17;
				GCC_DYNAMIC_NO_PIC = NO;
				GCC_NO_COMMON_BLOCKS = YES;
				GCC_OPTIMIZATION_LEVEL = 0;
				GCC_PREPROCESSOR_DEFINITIONS = (
					"DEBUG=1",
					"$(inherited)",
				);
				GCC_WARN_64_TO_32_BIT_CONVERSION = YES;
				GCC_WARN_ABOUT_RETURN_TYPE = YES_ERROR;
				GCC_WARN_UNDECLARED_SELECTOR = YES;
				GCC_WARN_UNINITIALIZED_AUTOS = YES_AGGRESSIVE;
				GCC_WARN_UNUSED_FUNCTION = YES;
				GCC_WARN_UNUSED_VARIABLE = YES;
				IPHONEOS_DEPLOYMENT_TARGET = 17.0;
				LOCALIZATION_PREFERS_STRING_CATALOGS = YES;
				MTL_ENABLE_DEBUG_INFO = INCLUDE_SOURCE;
				MTL_FAST_MATH = YES;
				ONLY_ACTIVE_ARCH = YES;
				SDKROOT = iphoneos;
				SWIFT_ACTIVE_COMPILATION_CONDITIONS = "DEBUG $(inherited)";
				SWIFT_OPTIMIZATION_LEVEL = "-Onone";
			};
			name = Debug;
		};
		7DE7CDB72AED19F2004948C8 /* Release */ = {
			isa = XCBuildConfiguration;
			buildSettings = {
				ALWAYS_SEARCH_USER_PATHS = NO;
				ASSETCATALOG_COMPILER_GENERATE_SWIFT_ASSET_SYMBOL_EXTENSIONS = YES;
				CLANG_ANALYZER_NONNULL = YES;
				CLANG_ANALYZER_NUMBER_OBJECT_CONVERSION = YES_AGGRESSIVE;
				CLANG_CXX_LANGUAGE_STANDARD = "gnu++20";
				CLANG_ENABLE_MODULES = YES;
				CLANG_ENABLE_OBJC_ARC = YES;
				CLANG_ENABLE_OBJC_WEAK = YES;
				CLANG_WARN_BLOCK_CAPTURE_AUTORELEASING = YES;
				CLANG_WARN_BOOL_CONVERSION = YES;
				CLANG_WARN_COMMA = YES;
				CLANG_WARN_CONSTANT_CONVERSION = YES;
				CLANG_WARN_DEPRECATED_OBJC_IMPLEMENTATIONS = YES;
				CLANG_WARN_DIRECT_OBJC_ISA_USAGE = YES_ERROR;
				CLANG_WARN_DOCUMENTATION_COMMENTS = YES;
				CLANG_WARN_EMPTY_BODY = YES;
				CLANG_WARN_ENUM_CONVERSION = YES;
				CLANG_WARN_INFINITE_RECURSION = YES;
				CLANG_WARN_INT_CONVERSION = YES;
				CLANG_WARN_NON_LITERAL_NULL_CONVERSION = YES;
				CLANG_WARN_OBJC_IMPLICIT_RETAIN_SELF = YES;
				CLANG_WARN_OBJC_LITERAL_CONVERSION = YES;
				CLANG_WARN_OBJC_ROOT_CLASS = YES_ERROR;
				CLANG_WARN_QUOTED_INCLUDE_IN_FRAMEWORK_HEADER = YES;
				CLANG_WARN_RANGE_LOOP_ANALYSIS = YES;
				CLANG_WARN_STRICT_PROTOTYPES = YES;
				CLANG_WARN_SUSPICIOUS_MOVE = YES;
				CLANG_WARN_UNGUARDED_AVAILABILITY = YES_AGGRESSIVE;
				CLANG_WARN_UNREACHABLE_CODE = YES;
				CLANG_WARN__DUPLICATE_METHOD_MATCH = YES;
				COPY_PHASE_STRIP = NO;
				DEBUG_INFORMATION_FORMAT = "dwarf-with-dsym";
				ENABLE_NS_ASSERTIONS = NO;
				ENABLE_STRICT_OBJC_MSGSEND = YES;
				ENABLE_USER_SCRIPT_SANDBOXING = YES;
				GCC_C_LANGUAGE_STANDARD = gnu17;
				GCC_NO_COMMON_BLOCKS = YES;
				GCC_WARN_64_TO_32_BIT_CONVERSION = YES;
				GCC_WARN_ABOUT_RETURN_TYPE = YES_ERROR;
				GCC_WARN_UNDECLARED_SELECTOR = YES;
				GCC_WARN_UNINITIALIZED_AUTOS = YES_AGGRESSIVE;
				GCC_WARN_UNUSED_FUNCTION = YES;
				GCC_WARN_UNUSED_VARIABLE = YES;
				IPHONEOS_DEPLOYMENT_TARGET = 17.0;
				LOCALIZATION_PREFERS_STRING_CATALOGS = YES;
				MTL_ENABLE_DEBUG_INFO = NO;
				MTL_FAST_MATH = YES;
				SDKROOT = iphoneos;
				SWIFT_COMPILATION_MODE = wholemodule;
				VALIDATE_PRODUCT = YES;
			};
			name = Release;
		};
		7DE7CDB92AED19F2004948C8 /* Debug */ = {
			isa = XCBuildConfiguration;
			buildSettings = {
				ASSETCATALOG_COMPILER_APPICON_NAME = AppIcon;
				ASSETCATALOG_COMPILER_GLOBAL_ACCENT_COLOR_NAME = AccentColor;
				CODE_SIGN_STYLE = Automatic;
				CURRENT_PROJECT_VERSION = 1;
				DEVELOPMENT_ASSET_PATHS = "\"Free-To-Play Games/Preview Content\"";
				DEVELOPMENT_TEAM = 4J2DV5379R;
				ENABLE_PREVIEWS = YES;
				GENERATE_INFOPLIST_FILE = YES;
				INFOPLIST_KEY_UIApplicationSceneManifest_Generation = YES;
				INFOPLIST_KEY_UIApplicationSupportsIndirectInputEvents = YES;
				INFOPLIST_KEY_UILaunchScreen_Generation = YES;
				INFOPLIST_KEY_UISupportedInterfaceOrientations_iPad = "UIInterfaceOrientationPortrait UIInterfaceOrientationPortraitUpsideDown UIInterfaceOrientationLandscapeLeft UIInterfaceOrientationLandscapeRight";
				INFOPLIST_KEY_UISupportedInterfaceOrientations_iPhone = "UIInterfaceOrientationPortrait UIInterfaceOrientationLandscapeLeft UIInterfaceOrientationLandscapeRight";
				IPHONEOS_DEPLOYMENT_TARGET = 16.0;
				LD_RUNPATH_SEARCH_PATHS = (
					"$(inherited)",
					"@executable_path/Frameworks",
				);
				MARKETING_VERSION = 1.0;
				PRODUCT_BUNDLE_IDENTIFIER = "be.hogent.Free-To-Play-Games";
				PRODUCT_NAME = "$(TARGET_NAME)";
				SWIFT_EMIT_LOC_STRINGS = YES;
				SWIFT_VERSION = 5.0;
				TARGETED_DEVICE_FAMILY = "1,2";
			};
			name = Debug;
		};
		7DE7CDBA2AED19F2004948C8 /* Release */ = {
			isa = XCBuildConfiguration;
			buildSettings = {
				ASSETCATALOG_COMPILER_APPICON_NAME = AppIcon;
				ASSETCATALOG_COMPILER_GLOBAL_ACCENT_COLOR_NAME = AccentColor;
				CODE_SIGN_STYLE = Automatic;
				CURRENT_PROJECT_VERSION = 1;
				DEVELOPMENT_ASSET_PATHS = "\"Free-To-Play Games/Preview Content\"";
				DEVELOPMENT_TEAM = 4J2DV5379R;
				ENABLE_PREVIEWS = YES;
				GENERATE_INFOPLIST_FILE = YES;
				INFOPLIST_KEY_UIApplicationSceneManifest_Generation = YES;
				INFOPLIST_KEY_UIApplicationSupportsIndirectInputEvents = YES;
				INFOPLIST_KEY_UILaunchScreen_Generation = YES;
				INFOPLIST_KEY_UISupportedInterfaceOrientations_iPad = "UIInterfaceOrientationPortrait UIInterfaceOrientationPortraitUpsideDown UIInterfaceOrientationLandscapeLeft UIInterfaceOrientationLandscapeRight";
				INFOPLIST_KEY_UISupportedInterfaceOrientations_iPhone = "UIInterfaceOrientationPortrait UIInterfaceOrientationLandscapeLeft UIInterfaceOrientationLandscapeRight";
				IPHONEOS_DEPLOYMENT_TARGET = 16.0;
				LD_RUNPATH_SEARCH_PATHS = (
					"$(inherited)",
					"@executable_path/Frameworks",
				);
				MARKETING_VERSION = 1.0;
				PRODUCT_BUNDLE_IDENTIFIER = "be.hogent.Free-To-Play-Games";
				PRODUCT_NAME = "$(TARGET_NAME)";
				SWIFT_EMIT_LOC_STRINGS = YES;
				SWIFT_VERSION = 5.0;
				TARGETED_DEVICE_FAMILY = "1,2";
			};
			name = Release;
		};
/* End XCBuildConfiguration section */

/* Begin XCConfigurationList section */
		7DE7CDA52AED19EF004948C8 /* Build configuration list for PBXProject "Free-To-Play Games" */ = {
			isa = XCConfigurationList;
			buildConfigurations = (
				7DE7CDB62AED19F2004948C8 /* Debug */,
				7DE7CDB72AED19F2004948C8 /* Release */,
			);
			defaultConfigurationIsVisible = 0;
			defaultConfigurationName = Release;
		};
		7DE7CDB82AED19F2004948C8 /* Build configuration list for PBXNativeTarget "Free-To-Play Games" */ = {
			isa = XCConfigurationList;
			buildConfigurations = (
				7DE7CDB92AED19F2004948C8 /* Debug */,
				7DE7CDBA2AED19F2004948C8 /* Release */,
			);
			defaultConfigurationIsVisible = 0;
			defaultConfigurationName = Release;
		};
/* End XCConfigurationList section */
	};
	rootObject = 7DE7CDA22AED19EF004948C8 /* Project object */;
}
